
Microsoft Visual Studio Solution File, Format Version 12.00
# Visual Studio 14
VisualStudioVersion = 14.0.25420.1
MinimumVisualStudioVersion = 10.0.40219.1
Project("{FAE04EC0-301F-11D3-BF4B-00C04F79EFBC}") = "MultipleDesktop.Windows.Forms", "MultipleDesktop.Windows.Forms\MultipleDesktop.Windows.Forms.csproj", "{C26E6755-76F7-40E1-A75F-90BEF44063B4}"
EndProject
Project("{FAE04EC0-301F-11D3-BF4B-00C04F79EFBC}") = "MultipleDesktop.Mvc", "MultipleDesktop.Mvc\MultipleDesktop.Mvc.csproj", "{E33A908A-68B8-4C2C-8AE0-3F1D5CA8A8A2}"
EndProject
Project("{FAE04EC0-301F-11D3-BF4B-00C04F79EFBC}") = "MultipleDesktop.Configuration", "MultipleDesktop.Configuration\MultipleDesktop.Configuration.csproj", "{D3E4551F-B9EF-406D-BD2E-520975BCB281}"
EndProject
Project("{FAE04EC0-301F-11D3-BF4B-00C04F79EFBC}") = "MultipleDesktop.Windows", "MultipleDesktop.Windows\MultipleDesktop.Windows.csproj", "{7DE85E68-69EC-4947-8B35-D1974CCDF5F1}"
EndProject
Project("{2150E333-8FDC-42A3-9474-1A3956D46DE8}") = "Test", "Test", "{6C86B913-B4AA-42BD-B00B-38255BED06EB}"
EndProject
Project("{FAE04EC0-301F-11D3-BF4B-00C04F79EFBC}") = "Test.MultipleDesktop", "Test\Test.MultipleDesktop\Test.MultipleDesktop.csproj", "{6D1C66BB-7D23-47AB-ACE0-0B1C991C23D3}"
EndProject
Project("{FAE04EC0-301F-11D3-BF4B-00C04F79EFBC}") = "VisualStudio.TestTools.UnitTesting", "Test\VisualStudio.TestTools.UnitTesting\VisualStudio.TestTools.UnitTesting.csproj", "{9A1BAFC8-B61A-47BC-8B1E-5A2A63354CA1}"
EndProject
Project("{2150E333-8FDC-42A3-9474-1A3956D46DE8}") = "System", "System", "{C79EF58D-1140-48E1-A962-1F7819335646}"
EndProject
Project("{FAE04EC0-301F-11D3-BF4B-00C04F79EFBC}") = "System.Xml.Extended", "System\System.Xml.Extended\System.Xml.Extended.csproj", "{5A9DAB6B-16E5-4391-A2A8-D301847466B1}"
EndProject
Project("{FAE04EC0-301F-11D3-BF4B-00C04F79EFBC}") = "mscorlib.Extended", "System\mscorlib.Extended\mscorlib.Extended.csproj", "{18CDEE24-71B4-4D5A-A7BE-B558BEE58FB2}"
EndProject
Project("{FAE04EC0-301F-11D3-BF4B-00C04F79EFBC}") = "MultipleDesktop.Configuration.Xml", "MultipleDesktop.Configuration.Xml\MultipleDesktop.Configuration.Xml.csproj", "{53A38DBF-E7FE-4466-9169-B322075124D0}"
EndProject
Project("{FAE04EC0-301F-11D3-BF4B-00C04F79EFBC}") = "Should.Fluent.Invocation", "Test\Should.Fluent.Invocation\Should.Fluent.Invocation.csproj", "{3235823B-0070-4CCA-9315-18E70C40DEF9}"
EndProject
Project("{FAE04EC0-301F-11D3-BF4B-00C04F79EFBC}") = "MultipleDesktop.Windows.PresentationFoundation", "MultipleDesktop.Windows.PresentationFoundation\MultipleDesktop.Windows.PresentationFoundation.csproj", "{8CF3D255-BD9E-4EE5-903D-A4AEDF4B747E}"
EndProject
Project("{FAE04EC0-301F-11D3-BF4B-00C04F79EFBC}") = "MultipleDesktop.Application", "MultipleDesktop.Application\MultipleDesktop.Application.csproj", "{AEAFCD2D-5AF6-4950-A315-08995600476F}"
EndProject
Global
	GlobalSection(SolutionConfigurationPlatforms) = preSolution
		Debug|Any CPU = Debug|Any CPU
		Release|Any CPU = Release|Any CPU
	EndGlobalSection
	GlobalSection(ProjectConfigurationPlatforms) = postSolution
		{C26E6755-76F7-40E1-A75F-90BEF44063B4}.Debug|Any CPU.ActiveCfg = Debug|Any CPU
		{C26E6755-76F7-40E1-A75F-90BEF44063B4}.Debug|Any CPU.Build.0 = Debug|Any CPU
		{C26E6755-76F7-40E1-A75F-90BEF44063B4}.Release|Any CPU.ActiveCfg = Release|Any CPU
		{C26E6755-76F7-40E1-A75F-90BEF44063B4}.Release|Any CPU.Build.0 = Release|Any CPU
		{E33A908A-68B8-4C2C-8AE0-3F1D5CA8A8A2}.Debug|Any CPU.ActiveCfg = Debug|Any CPU
		{E33A908A-68B8-4C2C-8AE0-3F1D5CA8A8A2}.Debug|Any CPU.Build.0 = Debug|Any CPU
		{E33A908A-68B8-4C2C-8AE0-3F1D5CA8A8A2}.Release|Any CPU.ActiveCfg = Release|Any CPU
		{E33A908A-68B8-4C2C-8AE0-3F1D5CA8A8A2}.Release|Any CPU.Build.0 = Release|Any CPU
		{D3E4551F-B9EF-406D-BD2E-520975BCB281}.Debug|Any CPU.ActiveCfg = Debug|Any CPU
		{D3E4551F-B9EF-406D-BD2E-520975BCB281}.Debug|Any CPU.Build.0 = Debug|Any CPU
		{D3E4551F-B9EF-406D-BD2E-520975BCB281}.Release|Any CPU.ActiveCfg = Release|Any CPU
		{D3E4551F-B9EF-406D-BD2E-520975BCB281}.Release|Any CPU.Build.0 = Release|Any CPU
		{7DE85E68-69EC-4947-8B35-D1974CCDF5F1}.Debug|Any CPU.ActiveCfg = Debug|Any CPU
		{7DE85E68-69EC-4947-8B35-D1974CCDF5F1}.Debug|Any CPU.Build.0 = Debug|Any CPU
		{7DE85E68-69EC-4947-8B35-D1974CCDF5F1}.Release|Any CPU.ActiveCfg = Release|Any CPU
		{7DE85E68-69EC-4947-8B35-D1974CCDF5F1}.Release|Any CPU.Build.0 = Release|Any CPU
		{6D1C66BB-7D23-47AB-ACE0-0B1C991C23D3}.Debug|Any CPU.ActiveCfg = Debug|Any CPU
		{6D1C66BB-7D23-47AB-ACE0-0B1C991C23D3}.Debug|Any CPU.Build.0 = Debug|Any CPU
		{6D1C66BB-7D23-47AB-ACE0-0B1C991C23D3}.Release|Any CPU.ActiveCfg = Release|Any CPU
		{9A1BAFC8-B61A-47BC-8B1E-5A2A63354CA1}.Debug|Any CPU.ActiveCfg = Debug|Any CPU
		{9A1BAFC8-B61A-47BC-8B1E-5A2A63354CA1}.Debug|Any CPU.Build.0 = Debug|Any CPU
		{9A1BAFC8-B61A-47BC-8B1E-5A2A63354CA1}.Release|Any CPU.ActiveCfg = Release|Any CPU
		{5A9DAB6B-16E5-4391-A2A8-D301847466B1}.Debug|Any CPU.ActiveCfg = Debug|Any CPU
		{5A9DAB6B-16E5-4391-A2A8-D301847466B1}.Debug|Any CPU.Build.0 = Debug|Any CPU
		{5A9DAB6B-16E5-4391-A2A8-D301847466B1}.Release|Any CPU.ActiveCfg = Release|Any CPU
		{5A9DAB6B-16E5-4391-A2A8-D301847466B1}.Release|Any CPU.Build.0 = Release|Any CPU
		{18CDEE24-71B4-4D5A-A7BE-B558BEE58FB2}.Debug|Any CPU.ActiveCfg = Debug|Any CPU
		{18CDEE24-71B4-4D5A-A7BE-B558BEE58FB2}.Debug|Any CPU.Build.0 = Debug|Any CPU
		{18CDEE24-71B4-4D5A-A7BE-B558BEE58FB2}.Release|Any CPU.ActiveCfg = Release|Any CPU
		{18CDEE24-71B4-4D5A-A7BE-B558BEE58FB2}.Release|Any CPU.Build.0 = Release|Any CPU
		{53A38DBF-E7FE-4466-9169-B322075124D0}.Debug|Any CPU.ActiveCfg = Debug|Any CPU
		{53A38DBF-E7FE-4466-9169-B322075124D0}.Debug|Any CPU.Build.0 = Debug|Any CPU
		{53A38DBF-E7FE-4466-9169-B322075124D0}.Release|Any CPU.ActiveCfg = Release|Any CPU
		{53A38DBF-E7FE-4466-9169-B322075124D0}.Release|Any CPU.Build.0 = Release|Any CPU
		{3235823B-0070-4CCA-9315-18E70C40DEF9}.Debug|Any CPU.ActiveCfg = Debug|Any CPU
		{3235823B-0070-4CCA-9315-18E70C40DEF9}.Debug|Any CPU.Build.0 = Debug|Any CPU
		{3235823B-0070-4CCA-9315-18E70C40DEF9}.Release|Any CPU.ActiveCfg = Release|Any CPU
		{8CF3D255-BD9E-4EE5-903D-A4AEDF4B747E}.Debug|Any CPU.ActiveCfg = Debug|Any CPU
		{8CF3D255-BD9E-4EE5-903D-A4AEDF4B747E}.Debug|Any CPU.Build.0 = Debug|Any CPU
		{8CF3D255-BD9E-4EE5-903D-A4AEDF4B747E}.Release|Any CPU.ActiveCfg = Release|Any CPU
		{8CF3D255-BD9E-4EE5-903D-A4AEDF4B747E}.Release|Any CPU.Build.0 = Release|Any CPU
		{AEAFCD2D-5AF6-4950-A315-08995600476F}.Debug|Any CPU.ActiveCfg = Debug|Any CPU
		{AEAFCD2D-5AF6-4950-A315-08995600476F}.Debug|Any CPU.Build.0 = Debug|Any CPU
		{AEAFCD2D-5AF6-4950-A315-08995600476F}.Release|Any CPU.ActiveCfg = Release|Any CPU
		{AEAFCD2D-5AF6-4950-A315-08995600476F}.Release|Any CPU.Build.0 = Release|Any CPU
	EndGlobalSection
	GlobalSection(SolutionProperties) = preSolution
		HideSolutionNode = FALSE
	EndGlobalSection
	GlobalSection(NestedProjects) = preSolution
		{6D1C66BB-7D23-47AB-ACE0-0B1C991C23D3} = {6C86B913-B4AA-42BD-B00B-38255BED06EB}
		{9A1BAFC8-B61A-47BC-8B1E-5A2A63354CA1} = {6C86B913-B4AA-42BD-B00B-38255BED06EB}
		{5A9DAB6B-16E5-4391-A2A8-D301847466B1} = {C79EF58D-1140-48E1-A962-1F7819335646}
		{18CDEE24-71B4-4D5A-A7BE-B558BEE58FB2} = {C79EF58D-1140-48E1-A962-1F7819335646}
		{3235823B-0070-4CCA-9315-18E70C40DEF9} = {6C86B913-B4AA-42BD-B00B-38255BED06EB}
	EndGlobalSection
EndGlobal
